
Microsoft Visual Studio Solution File, Format Version 12.00
# Visual Studio Version 16
VisualStudioVersion = 16.0.32901.82
MinimumVisualStudioVersion = 10.0.40219.1
Project("{9A19103F-16F7-4668-BE54-9A1E7A4F7556}") = "PoonamsBookStore", "PoonamsBookStore\PoonamsBookStore.csproj", "{27A1C45A-5E22-45FC-B6E2-F840B9905C66}"
EndProject
Project("{9A19103F-16F7-4668-BE54-9A1E7A4F7556}") = "PoonamsBooks.DataAccess", "PoonamsBooks.DataAccess\PoonamsBooks.DataAccess.csproj", "{B0F9B4BA-F5BE-409F-83CC-E703EFADD8B5}"
EndProject
Project("{9A19103F-16F7-4668-BE54-9A1E7A4F7556}") = "PoonamsBooks.Models", "PoonamsBooks.Models\PoonamsBooks.Models.csproj", "{B341C5A0-5BF5-4CC7-A867-263B732D95ED}"
EndProject
Project("{9A19103F-16F7-4668-BE54-9A1E7A4F7556}") = "PoonamsBooks.Utility", "PoonamsBooks.Utility\PoonamsBooks.Utility.csproj", "{5CD758D7-71CD-499F-B23A-03B1C7E1D0BB}"
EndProject
Global
	GlobalSection(SolutionConfigurationPlatforms) = preSolution
		Debug|Any CPU = Debug|Any CPU
		Release|Any CPU = Release|Any CPU
	EndGlobalSection
	GlobalSection(ProjectConfigurationPlatforms) = postSolution
		{27A1C45A-5E22-45FC-B6E2-F840B9905C66}.Debug|Any CPU.ActiveCfg = Debug|Any CPU
		{27A1C45A-5E22-45FC-B6E2-F840B9905C66}.Debug|Any CPU.Build.0 = Debug|Any CPU
		{27A1C45A-5E22-45FC-B6E2-F840B9905C66}.Release|Any CPU.ActiveCfg = Release|Any CPU
		{27A1C45A-5E22-45FC-B6E2-F840B9905C66}.Release|Any CPU.Build.0 = Release|Any CPU
		{B0F9B4BA-F5BE-409F-83CC-E703EFADD8B5}.Debug|Any CPU.ActiveCfg = Debug|Any CPU
		{B0F9B4BA-F5BE-409F-83CC-E703EFADD8B5}.Debug|Any CPU.Build.0 = Debug|Any CPU
		{B0F9B4BA-F5BE-409F-83CC-E703EFADD8B5}.Release|Any CPU.ActiveCfg = Release|Any CPU
		{B0F9B4BA-F5BE-409F-83CC-E703EFADD8B5}.Release|Any CPU.Build.0 = Release|Any CPU
		{B341C5A0-5BF5-4CC7-A867-263B732D95ED}.Debug|Any CPU.ActiveCfg = Debug|Any CPU
		{B341C5A0-5BF5-4CC7-A867-263B732D95ED}.Debug|Any CPU.Build.0 = Debug|Any CPU
		{B341C5A0-5BF5-4CC7-A867-263B732D95ED}.Release|Any CPU.ActiveCfg = Release|Any CPU
		{B341C5A0-5BF5-4CC7-A867-263B732D95ED}.Release|Any CPU.Build.0 = Release|Any CPU
		{5CD758D7-71CD-499F-B23A-03B1C7E1D0BB}.Debug|Any CPU.ActiveCfg = Debug|Any CPU
		{5CD758D7-71CD-499F-B23A-03B1C7E1D0BB}.Debug|Any CPU.Build.0 = Debug|Any CPU
		{5CD758D7-71CD-499F-B23A-03B1C7E1D0BB}.Release|Any CPU.ActiveCfg = Release|Any CPU
		{5CD758D7-71CD-499F-B23A-03B1C7E1D0BB}.Release|Any CPU.Build.0 = Release|Any CPU
	EndGlobalSection
	GlobalSection(SolutionProperties) = preSolution
		HideSolutionNode = FALSE
	EndGlobalSection
	GlobalSection(ExtensibilityGlobals) = postSolution
		SolutionGuid = {CE8FFD97-3A55-4D52-9AA3-255A9A697C62}
	EndGlobalSection
EndGlobal
